
Microsoft Visual Studio Solution File, Format Version 12.00
# Visual Studio Version 17
VisualStudioVersion = 17.13.35913.81 d17.13
MinimumVisualStudioVersion = 10.0.40219.1
Project("{8BC9CEB8-8B4A-11D0-8D11-00A0C91BC942}") = "c++_3", "c++_3\c++_3.vcxproj", "{7F3BE5C7-04E9-421B-98D2-B7D80B587D29}"
EndProject
Global
	GlobalSection(SolutionConfigurationPlatforms) = preSolution
		Debug|x64 = Debug|x64
		Debug|x86 = Debug|x86
		Release|x64 = Release|x64
		Release|x86 = Release|x86
	EndGlobalSection
	GlobalSection(ProjectConfigurationPlatforms) = postSolution
		{7F3BE5C7-04E9-421B-98D2-B7D80B587D29}.Debug|x64.ActiveCfg = Debug|x64
		{7F3BE5C7-04E9-421B-98D2-B7D80B587D29}.Debug|x64.Build.0 = Debug|x64
		{7F3BE5C7-04E9-421B-98D2-B7D80B587D29}.Debug|x86.ActiveCfg = Debug|Win32
		{7F3BE5C7-04E9-421B-98D2-B7D80B587D29}.Debug|x86.Build.0 = Debug|Win32
		{7F3BE5C7-04E9-421B-98D2-B7D80B587D29}.Release|x64.ActiveCfg = Release|x64
		{7F3BE5C7-04E9-421B-98D2-B7D80B587D29}.Release|x64.Build.0 = Release|x64
		{7F3BE5C7-04E9-421B-98D2-B7D80B587D29}.Release|x86.ActiveCfg = Release|Win32
		{7F3BE5C7-04E9-421B-98D2-B7D80B587D29}.Release|x86.Build.0 = Release|Win32
	EndGlobalSection
	GlobalSection(SolutionProperties) = preSolution
		HideSolutionNode = FALSE
	EndGlobalSection
	GlobalSection(ExtensibilityGlobals) = postSolution
		SolutionGuid = {566D198E-202B-45B0-B1D9-D2BB91F26D12}
	EndGlobalSection
EndGlobal
